# This file was autogenerated by Stack.
# You should not edit this file by hand.
# For more information, please see the documentation at:
#   https://docs.haskellstack.org/en/stable/lock_files

packages:
- completed:
    hackage: udp-streaming-0.2.0.0@sha256:37c3815a4075991131eb16367a524e0661480e54789cef2eb3f5641e92d81c80,1066
    pantry-tree:
      size: 221
      sha256: 982021f6953ca0b6f2ec2dd63e9bf6e89474be54298257e8b1eef9e254b47c52
  original:
    hackage: udp-streaming-0.2.0.0@sha256:37c3815a4075991131eb16367a524e0661480e54789cef2eb3f5641e92d81c80,1066
snapshots:
- completed:
    size: 524996
    url: https://raw.githubusercontent.com/commercialhaskell/stackage-snapshots/master/lts/14/27.yaml
    sha256: 7ea31a280c56bf36ff591a7397cc384d0dff622e7f9e4225b47d8980f019a0f0
  original: lts-14.27
